// !$*UTF8*$!
{
	archiveVersion = 1;
	classes = {
	};
	objectVersion = 56;
	objects = {

/* Begin PBXBuildFile section */
		D42437022915B6AD00A6055D /* HomePageVC.swift in Sources */ = {isa = PBXBuildFile; fileRef = D42437012915B6AD00A6055D /* HomePageVC.swift */; };
		D42437042915B6BC00A6055D /* UploadVC.swift in Sources */ = {isa = PBXBuildFile; fileRef = D42437032915B6BC00A6055D /* UploadVC.swift */; };
		D42437062915B6C700A6055D /* SettingsVC.swift in Sources */ = {isa = PBXBuildFile; fileRef = D42437052915B6C700A6055D /* SettingsVC.swift */; };
		D424370A2915CDFD00A6055D /* SnapVC.swift in Sources */ = {isa = PBXBuildFile; fileRef = D42437092915CDFD00A6055D /* SnapVC.swift */; };
		D473EDFD29186F540000234E /* File.swift in Sources */ = {isa = PBXBuildFile; fileRef = D473EDFC29186F540000234E /* File.swift */; };
		D473EE0329198B510000234E /* CellVC.swift in Sources */ = {isa = PBXBuildFile; fileRef = D473EE0229198B510000234E /* CellVC.swift */; };
		D473EE052919960A0000234E /* Snap.swift in Sources */ = {isa = PBXBuildFile; fileRef = D473EE042919960A0000234E /* Snap.swift */; };
		D4E84A0B2915A2F90079FBE7 /* AppDelegate.swift in Sources */ = {isa = PBXBuildFile; fileRef = D4E84A0A2915A2F90079FBE7 /* AppDelegate.swift */; };
		D4E84A0D2915A2F90079FBE7 /* SceneDelegate.swift in Sources */ = {isa = PBXBuildFile; fileRef = D4E84A0C2915A2F90079FBE7 /* SceneDelegate.swift */; };
		D4E84A0F2915A2F90079FBE7 /* SıgnInVC.swift in Sources */ = {isa = PBXBuildFile; fileRef = D4E84A0E2915A2F90079FBE7 /* SıgnInVC.swift */; };
		D4E84A122915A2F90079FBE7 /* Main.storyboard in Resources */ = {isa = PBXBuildFile; fileRef = D4E84A102915A2F90079FBE7 /* Main.storyboard */; };
		D4E84A142915A2F90079FBE7 /* Assets.xcassets in Resources */ = {isa = PBXBuildFile; fileRef = D4E84A132915A2F90079FBE7 /* Assets.xcassets */; };
		D4E84A172915A2F90079FBE7 /* LaunchScreen.storyboard in Resources */ = {isa = PBXBuildFile; fileRef = D4E84A152915A2F90079FBE7 /* LaunchScreen.storyboard */; };
		D4E84A1F2915A6270079FBE7 /* GoogleService-Info.plist in Resources */ = {isa = PBXBuildFile; fileRef = D4E84A1E2915A6270079FBE7 /* GoogleService-Info.plist */; };
		DC42028C79642F04EDDA9236 /* Pods_SnapchatClone_Firebase.framework in Frameworks */ = {isa = PBXBuildFile; fileRef = 6FA45FE66C9BB9CB6B41CF25 /* Pods_SnapchatClone_Firebase.framework */; };
/* End PBXBuildFile section */

/* Begin PBXFileReference section */
		54B5F82209F3C89ADB87E2D9 /* Pods-SnapchatClone-Firebase.release.xcconfig */ = {isa = PBXFileReference; includeInIndex = 1; lastKnownFileType = text.xcconfig; name = "Pods-SnapchatClone-Firebase.release.xcconfig"; path = "Target Support Files/Pods-SnapchatClone-Firebase/Pods-SnapchatClone-Firebase.release.xcconfig"; sourceTree = "<group>"; };
		5EB383427AE0D72488259EAA /* Pods-SnapchatClone-Firebase.debug.xcconfig */ = {isa = PBXFileReference; includeInIndex = 1; lastKnownFileType = text.xcconfig; name = "Pods-SnapchatClone-Firebase.debug.xcconfig"; path = "Target Support Files/Pods-SnapchatClone-Firebase/Pods-SnapchatClone-Firebase.debug.xcconfig"; sourceTree = "<group>"; };
		6FA45FE66C9BB9CB6B41CF25 /* Pods_SnapchatClone_Firebase.framework */ = {isa = PBXFileReference; explicitFileType = wrapper.framework; includeInIndex = 0; path = Pods_SnapchatClone_Firebase.framework; sourceTree = BUILT_PRODUCTS_DIR; };
		D42437012915B6AD00A6055D /* HomePageVC.swift */ = {isa = PBXFileReference; lastKnownFileType = sourcecode.swift; path = HomePageVC.swift; sourceTree = "<group>"; };
		D42437032915B6BC00A6055D /* UploadVC.swift */ = {isa = PBXFileReference; lastKnownFileType = sourcecode.swift; path = UploadVC.swift; sourceTree = "<group>"; };
		D42437052915B6C700A6055D /* SettingsVC.swift */ = {isa = PBXFileReference; lastKnownFileType = sourcecode.swift; path = SettingsVC.swift; sourceTree = "<group>"; };
		D42437092915CDFD00A6055D /* SnapVC.swift */ = {isa = PBXFileReference; lastKnownFileType = sourcecode.swift; path = SnapVC.swift; sourceTree = "<group>"; };
		D473EDFC29186F540000234E /* File.swift */ = {isa = PBXFileReference; lastKnownFileType = sourcecode.swift; path = File.swift; sourceTree = "<group>"; };
		D473EE0229198B510000234E /* CellVC.swift */ = {isa = PBXFileReference; lastKnownFileType = sourcecode.swift; path = CellVC.swift; sourceTree = "<group>"; };
		D473EE042919960A0000234E /* Snap.swift */ = {isa = PBXFileReference; lastKnownFileType = sourcecode.swift; path = Snap.swift; sourceTree = "<group>"; };
		D4E84A072915A2F90079FBE7 /* SnapchatClone-Firebase.app */ = {isa = PBXFileReference; explicitFileType = wrapper.application; includeInIndex = 0; path = "SnapchatClone-Firebase.app"; sourceTree = BUILT_PRODUCTS_DIR; };
		D4E84A0A2915A2F90079FBE7 /* AppDelegate.swift */ = {isa = PBXFileReference; lastKnownFileType = sourcecode.swift; path = AppDelegate.swift; sourceTree = "<group>"; };
		D4E84A0C2915A2F90079FBE7 /* SceneDelegate.swift */ = {isa = PBXFileReference; lastKnownFileType = sourcecode.swift; path = SceneDelegate.swift; sourceTree = "<group>"; };
		D4E84A0E2915A2F90079FBE7 /* SıgnInVC.swift */ = {isa = PBXFileReference; lastKnownFileType = sourcecode.swift; path = "SıgnInVC.swift"; sourceTree = "<group>"; };
		D4E84A112915A2F90079FBE7 /* Base */ = {isa = PBXFileReference; lastKnownFileType = file.storyboard; name = Base; path = Base.lproj/Main.storyboard; sourceTree = "<group>"; };
		D4E84A132915A2F90079FBE7 /* Assets.xcassets */ = {isa = PBXFileReference; lastKnownFileType = folder.assetcatalog; path = Assets.xcassets; sourceTree = "<group>"; };
		D4E84A162915A2F90079FBE7 /* Base */ = {isa = PBXFileReference; lastKnownFileType = file.storyboard; name = Base; path = Base.lproj/LaunchScreen.storyboard; sourceTree = "<group>"; };
		D4E84A182915A2F90079FBE7 /* Info.plist */ = {isa = PBXFileReference; lastKnownFileType = text.plist.xml; path = Info.plist; sourceTree = "<group>"; };
		D4E84A1E2915A6270079FBE7 /* GoogleService-Info.plist */ = {isa = PBXFileReference; fileEncoding = 4; lastKnownFileType = text.plist.xml; path = "GoogleService-Info.plist"; sourceTree = "<group>"; };
/* End PBXFileReference section */

/* Begin PBXFrameworksBuildPhase section */
		D4E84A042915A2F90079FBE7 /* Frameworks */ = {
			isa = PBXFrameworksBuildPhase;
			buildActionMask = 2147483647;
			files = (
				DC42028C79642F04EDDA9236 /* Pods_SnapchatClone_Firebase.framework in Frameworks */,
			);
			runOnlyForDeploymentPostprocessing = 0;
		};
/* End PBXFrameworksBuildPhase section */

/* Begin PBXGroup section */
		98D160F7C911E1A74003CE30 /* Pods */ = {
			isa = PBXGroup;
			children = (
				5EB383427AE0D72488259EAA /* Pods-SnapchatClone-Firebase.debug.xcconfig */,
				54B5F82209F3C89ADB87E2D9 /* Pods-SnapchatClone-Firebase.release.xcconfig */,
			);
			path = Pods;
			sourceTree = "<group>";
		};
		ACA5679072C65E4302631EEE /* Frameworks */ = {
			isa = PBXGroup;
			children = (
				6FA45FE66C9BB9CB6B41CF25 /* Pods_SnapchatClone_Firebase.framework */,
			);
			name = Frameworks;
			sourceTree = "<group>";
		};
		D42437072915B6CC00A6055D /* View Controllers */ = {
			isa = PBXGroup;
			children = (
				D4E84A0E2915A2F90079FBE7 /* SıgnInVC.swift */,
				D42437012915B6AD00A6055D /* HomePageVC.swift */,
				D42437032915B6BC00A6055D /* UploadVC.swift */,
				D42437052915B6C700A6055D /* SettingsVC.swift */,
				D42437092915CDFD00A6055D /* SnapVC.swift */,
				D473EE0229198B510000234E /* CellVC.swift */,
			);
			path = "View Controllers";
			sourceTree = "<group>";
		};
		D42437082915B70300A6055D /* Support Files */ = {
			isa = PBXGroup;
			children = (
				D4E84A0A2915A2F90079FBE7 /* AppDelegate.swift */,
				D4E84A132915A2F90079FBE7 /* Assets.xcassets */,
				D4E84A102915A2F90079FBE7 /* Main.storyboard */,
				D4E84A152915A2F90079FBE7 /* LaunchScreen.storyboard */,
				D4E84A0C2915A2F90079FBE7 /* SceneDelegate.swift */,
			);
			path = "Support Files";
			sourceTree = "<group>";
		};
		D473EDFB29186F460000234E /* Model */ = {
			isa = PBXGroup;
			children = (
				D473EDFC29186F540000234E /* File.swift */,
				D473EE042919960A0000234E /* Snap.swift */,
			);
			path = Model;
			sourceTree = "<group>";
		};
		D4E849FE2915A2F90079FBE7 = {
			isa = PBXGroup;
			children = (
				D4E84A092915A2F90079FBE7 /* SnapchatClone-Firebase */,
				D4E84A082915A2F90079FBE7 /* Products */,
				98D160F7C911E1A74003CE30 /* Pods */,
				ACA5679072C65E4302631EEE /* Frameworks */,
			);
			sourceTree = "<group>";
		};
		D4E84A082915A2F90079FBE7 /* Products */ = {
			isa = PBXGroup;
			children = (
				D4E84A072915A2F90079FBE7 /* SnapchatClone-Firebase.app */,
			);
			name = Products;
			sourceTree = "<group>";
		};
		D4E84A092915A2F90079FBE7 /* SnapchatClone-Firebase */ = {
			isa = PBXGroup;
			children = (
				D473EDFB29186F460000234E /* Model */,
				D42437072915B6CC00A6055D /* View Controllers */,
				D42437082915B70300A6055D /* Support Files */,
				D4E84A182915A2F90079FBE7 /* Info.plist */,
				D4E84A1E2915A6270079FBE7 /* GoogleService-Info.plist */,
			);
			path = "SnapchatClone-Firebase";
			sourceTree = "<group>";
		};
/* End PBXGroup section */

/* Begin PBXNativeTarget section */
		D4E84A062915A2F90079FBE7 /* SnapchatClone-Firebase */ = {
			isa = PBXNativeTarget;
			buildConfigurationList = D4E84A1B2915A2F90079FBE7 /* Build configuration list for PBXNativeTarget "SnapchatClone-Firebase" */;
			buildPhases = (
				91AE5797C91C6559CF738EC0 /* [CP] Check Pods Manifest.lock */,
				D4E84A032915A2F90079FBE7 /* Sources */,
				D4E84A042915A2F90079FBE7 /* Frameworks */,
				D4E84A052915A2F90079FBE7 /* Resources */,
				5A94FA7E92D4AFC8C8D47628 /* [CP] Embed Pods Frameworks */,
			);
			buildRules = (
			);
			dependencies = (
			);
			name = "SnapchatClone-Firebase";
			productName = "SnapchatClone-Firebase";
			productReference = D4E84A072915A2F90079FBE7 /* SnapchatClone-Firebase.app */;
			productType = "com.apple.product-type.application";
		};
/* End PBXNativeTarget section */

/* Begin PBXProject section */
		D4E849FF2915A2F90079FBE7 /* Project object */ = {
			isa = PBXProject;
			attributes = {
				BuildIndependentTargetsInParallel = 1;
				LastSwiftUpdateCheck = 1400;
				LastUpgradeCheck = 1400;
				TargetAttributes = {
					D4E84A062915A2F90079FBE7 = {
						CreatedOnToolsVersion = 14.0.1;
					};
				};
			};
			buildConfigurationList = D4E84A022915A2F90079FBE7 /* Build configuration list for PBXProject "SnapchatClone-Firebase" */;
			compatibilityVersion = "Xcode 14.0";
			developmentRegion = en;
			hasScannedForEncodings = 0;
			knownRegions = (
				en,
				Base,
			);
			mainGroup = D4E849FE2915A2F90079FBE7;
			productRefGroup = D4E84A082915A2F90079FBE7 /* Products */;
			projectDirPath = "";
			projectRoot = "";
			targets = (
				D4E84A062915A2F90079FBE7 /* SnapchatClone-Firebase */,
			);
		};
/* End PBXProject section */

/* Begin PBXResourcesBuildPhase section */
		D4E84A052915A2F90079FBE7 /* Resources */ = {
			isa = PBXResourcesBuildPhase;
			buildActionMask = 2147483647;
			files = (
				D4E84A172915A2F90079FBE7 /* LaunchScreen.storyboard in Resources */,
				D4E84A1F2915A6270079FBE7 /* GoogleService-Info.plist in Resources */,
				D4E84A142915A2F90079FBE7 /* Assets.xcassets in Resources */,
				D4E84A122915A2F90079FBE7 /* Main.storyboard in Resources */,
			);
			runOnlyForDeploymentPostprocessing = 0;
		};
/* End PBXResourcesBuildPhase section */

/* Begin PBXShellScriptBuildPhase section */
		5A94FA7E92D4AFC8C8D47628 /* [CP] Embed Pods Frameworks */ = {
			isa = PBXShellScriptBuildPhase;
			buildActionMask = 2147483647;
			files = (
			);
			inputFileListPaths = (
				"${PODS_ROOT}/Target Support Files/Pods-SnapchatClone-Firebase/Pods-SnapchatClone-Firebase-frameworks-${CONFIGURATION}-input-files.xcfilelist",
			);
			name = "[CP] Embed Pods Frameworks";
			outputFileListPaths = (
				"${PODS_ROOT}/Target Support Files/Pods-SnapchatClone-Firebase/Pods-SnapchatClone-Firebase-frameworks-${CONFIGURATION}-output-files.xcfilelist",
			);
			runOnlyForDeploymentPostprocessing = 0;
			shellPath = /bin/sh;
			shellScript = "\"${PODS_ROOT}/Target Support Files/Pods-SnapchatClone-Firebase/Pods-SnapchatClone-Firebase-frameworks.sh\"\n";
			showEnvVarsInLog = 0;
		};
		91AE5797C91C6559CF738EC0 /* [CP] Check Pods Manifest.lock */ = {
			isa = PBXShellScriptBuildPhase;
			buildActionMask = 2147483647;
			files = (
			);
			inputFileListPaths = (
			);
			inputPaths = (
				"${PODS_PODFILE_DIR_PATH}/Podfile.lock",
				"${PODS_ROOT}/Manifest.lock",
			);
			name = "[CP] Check Pods Manifest.lock";
			outputFileListPaths = (
			);
			outputPaths = (
				"$(DERIVED_FILE_DIR)/Pods-SnapchatClone-Firebase-checkManifestLockResult.txt",
			);
			runOnlyForDeploymentPostprocessing = 0;
			shellPath = /bin/sh;
			shellScript = "diff \"${PODS_PODFILE_DIR_PATH}/Podfile.lock\" \"${PODS_ROOT}/Manifest.lock\" > /dev/null\nif [ $? != 0 ] ; then\n    # print error to STDERR\n    echo \"error: The sandbox is not in sync with the Podfile.lock. Run 'pod install' or update your CocoaPods installation.\" >&2\n    exit 1\nfi\n# This output is used by Xcode 'outputs' to avoid re-running this script phase.\necho \"SUCCESS\" > \"${SCRIPT_OUTPUT_FILE_0}\"\n";
			showEnvVarsInLog = 0;
		};
/* End PBXShellScriptBuildPhase section */

/* Begin PBXSourcesBuildPhase section */
		D4E84A032915A2F90079FBE7 /* Sources */ = {
			isa = PBXSourcesBuildPhase;
			buildActionMask = 2147483647;
			files = (
				D4E84A0F2915A2F90079FBE7 /* SıgnInVC.swift in Sources */,
				D473EE052919960A0000234E /* Snap.swift in Sources */,
				D4E84A0B2915A2F90079FBE7 /* AppDelegate.swift in Sources */,
				D42437022915B6AD00A6055D /* HomePageVC.swift in Sources */,
				D42437042915B6BC00A6055D /* UploadVC.swift in Sources */,
				D424370A2915CDFD00A6055D /* SnapVC.swift in Sources */,
				D473EE0329198B510000234E /* CellVC.swift in Sources */,
				D473EDFD29186F540000234E /* File.swift in Sources */,
				D4E84A0D2915A2F90079FBE7 /* SceneDelegate.swift in Sources */,
				D42437062915B6C700A6055D /* SettingsVC.swift in Sources */,
			);
			runOnlyForDeploymentPostprocessing = 0;
		};
/* End PBXSourcesBuildPhase section */

/* Begin PBXVariantGroup section */
		D4E84A102915A2F90079FBE7 /* Main.storyboard */ = {
			isa = PBXVariantGroup;
			children = (
				D4E84A112915A2F90079FBE7 /* Base */,
			);
			name = Main.storyboard;
			sourceTree = "<group>";
		};
		D4E84A152915A2F90079FBE7 /* LaunchScreen.storyboard */ = {
			isa = PBXVariantGroup;
			children = (
				D4E84A162915A2F90079FBE7 /* Base */,
			);
			name = LaunchScreen.storyboard;
			sourceTree = "<group>";
		};
/* End PBXVariantGroup section */

/* Begin XCBuildConfiguration section */
		D4E84A192915A2F90079FBE7 /* Debug */ = {
			isa = XCBuildConfiguration;
			buildSettings = {
				ALWAYS_SEARCH_USER_PATHS = NO;
				CLANG_ANALYZER_NONNULL = YES;
				CLANG_ANALYZER_NUMBER_OBJECT_CONVERSION = YES_AGGRESSIVE;
				CLANG_CXX_LANGUAGE_STANDARD = "gnu++20";
				CLANG_ENABLE_MODULES = YES;
				CLANG_ENABLE_OBJC_ARC = YES;
				CLANG_ENABLE_OBJC_WEAK = YES;
				CLANG_WARN_BLOCK_CAPTURE_AUTORELEASING = YES;
				CLANG_WARN_BOOL_CONVERSION = YES;
				CLANG_WARN_COMMA = YES;
				CLANG_WARN_CONSTANT_CONVERSION = YES;
				CLANG_WARN_DEPRECATED_OBJC_IMPLEMENTATIONS = YES;
				CLANG_WARN_DIRECT_OBJC_ISA_USAGE = YES_ERROR;
				CLANG_WARN_DOCUMENTATION_COMMENTS = YES;
				CLANG_WARN_EMPTY_BODY = YES;
				CLANG_WARN_ENUM_CONVERSION = YES;
				CLANG_WARN_INFINITE_RECURSION = YES;
				CLANG_WARN_INT_CONVERSION = YES;
				CLANG_WARN_NON_LITERAL_NULL_CONVERSION = YES;
				CLANG_WARN_OBJC_IMPLICIT_RETAIN_SELF = YES;
				CLANG_WARN_OBJC_LITERAL_CONVERSION = YES;
				CLANG_WARN_OBJC_ROOT_CLASS = YES_ERROR;
				CLANG_WARN_QUOTED_INCLUDE_IN_FRAMEWORK_HEADER = YES;
				CLANG_WARN_RANGE_LOOP_ANALYSIS = YES;
				CLANG_WARN_STRICT_PROTOTYPES = YES;
				CLANG_WARN_SUSPICIOUS_MOVE = YES;
				CLANG_WARN_UNGUARDED_AVAILABILITY = YES_AGGRESSIVE;
				CLANG_WARN_UNREACHABLE_CODE = YES;
				CLANG_WARN__DUPLICATE_METHOD_MATCH = YES;
				COPY_PHASE_STRIP = NO;
				DEBUG_INFORMATION_FORMAT = dwarf;
				ENABLE_STRICT_OBJC_MSGSEND = YES;
				ENABLE_TESTABILITY = YES;
				GCC_C_LANGUAGE_STANDARD = gnu11;
				GCC_DYNAMIC_NO_PIC = NO;
				GCC_NO_COMMON_BLOCKS = YES;
				GCC_OPTIMIZATION_LEVEL = 0;
				GCC_PREPROCESSOR_DEFINITIONS = (
					"DEBUG=1",
					"$(inherited)",
				);
				GCC_WARN_64_TO_32_BIT_CONVERSION = YES;
				GCC_WARN_ABOUT_RETURN_TYPE = YES_ERROR;
				GCC_WARN_UNDECLARED_SELECTOR = YES;
				GCC_WARN_UNINITIALIZED_AUTOS = YES_AGGRESSIVE;
				GCC_WARN_UNUSED_FUNCTION = YES;
				GCC_WARN_UNUSED_VARIABLE = YES;
				IPHONEOS_DEPLOYMENT_TARGET = 16.0;
				MTL_ENABLE_DEBUG_INFO = INCLUDE_SOURCE;
				MTL_FAST_MATH = YES;
				ONLY_ACTIVE_ARCH = YES;
				SDKROOT = iphoneos;
				SWIFT_ACTIVE_COMPILATION_CONDITIONS = DEBUG;
				SWIFT_OPTIMIZATION_LEVEL = "-Onone";
			};
			name = Debug;
		};
		D4E84A1A2915A2F90079FBE7 /* Release */ = {
			isa = XCBuildConfiguration;
			buildSettings = {
				ALWAYS_SEARCH_USER_PATHS = NO;
				CLANG_ANALYZER_NONNULL = YES;
				CLANG_ANALYZER_NUMBER_OBJECT_CONVERSION = YES_AGGRESSIVE;
				CLANG_CXX_LANGUAGE_STANDARD = "gnu++20";
				CLANG_ENABLE_MODULES = YES;
				CLANG_ENABLE_OBJC_ARC = YES;
				CLANG_ENABLE_OBJC_WEAK = YES;
				CLANG_WARN_BLOCK_CAPTURE_AUTORELEASING = YES;
				CLANG_WARN_BOOL_CONVERSION = YES;
				CLANG_WARN_COMMA = YES;
				CLANG_WARN_CONSTANT_CONVERSION = YES;
				CLANG_WARN_DEPRECATED_OBJC_IMPLEMENTATIONS = YES;
				CLANG_WARN_DIRECT_OBJC_ISA_USAGE = YES_ERROR;
				CLANG_WARN_DOCUMENTATION_COMMENTS = YES;
				CLANG_WARN_EMPTY_BODY = YES;
				CLANG_WARN_ENUM_CONVERSION = YES;
				CLANG_WARN_INFINITE_RECURSION = YES;
				CLANG_WARN_INT_CONVERSION = YES;
				CLANG_WARN_NON_LITERAL_NULL_CONVERSION = YES;
				CLANG_WARN_OBJC_IMPLICIT_RETAIN_SELF = YES;
				CLANG_WARN_OBJC_LITERAL_CONVERSION = YES;
				CLANG_WARN_OBJC_ROOT_CLASS = YES_ERROR;
				CLANG_WARN_QUOTED_INCLUDE_IN_FRAMEWORK_HEADER = YES;
				CLANG_WARN_RANGE_LOOP_ANALYSIS = YES;
				CLANG_WARN_STRICT_PROTOTYPES = YES;
				CLANG_WARN_SUSPICIOUS_MOVE = YES;
				CLANG_WARN_UNGUARDED_AVAILABILITY = YES_AGGRESSIVE;
				CLANG_WARN_UNREACHABLE_CODE = YES;
				CLANG_WARN__DUPLICATE_METHOD_MATCH = YES;
				COPY_PHASE_STRIP = NO;
				DEBUG_INFORMATION_FORMAT = "dwarf-with-dsym";
				ENABLE_NS_ASSERTIONS = NO;
				ENABLE_STRICT_OBJC_MSGSEND = YES;
				GCC_C_LANGUAGE_STANDARD = gnu11;
				GCC_NO_COMMON_BLOCKS = YES;
				GCC_WARN_64_TO_32_BIT_CONVERSION = YES;
				GCC_WARN_ABOUT_RETURN_TYPE = YES_ERROR;
				GCC_WARN_UNDECLARED_SELECTOR = YES;
				GCC_WARN_UNINITIALIZED_AUTOS = YES_AGGRESSIVE;
				GCC_WARN_UNUSED_FUNCTION = YES;
				GCC_WARN_UNUSED_VARIABLE = YES;
				IPHONEOS_DEPLOYMENT_TARGET = 16.0;
				MTL_ENABLE_DEBUG_INFO = NO;
				MTL_FAST_MATH = YES;
				SDKROOT = iphoneos;
				SWIFT_COMPILATION_MODE = wholemodule;
				SWIFT_OPTIMIZATION_LEVEL = "-O";
				VALIDATE_PRODUCT = YES;
			};
			name = Release;
		};
		D4E84A1C2915A2F90079FBE7 /* Debug */ = {
			isa = XCBuildConfiguration;
			baseConfigurationReference = 5EB383427AE0D72488259EAA /* Pods-SnapchatClone-Firebase.debug.xcconfig */;
			buildSettings = {
				ASSETCATALOG_COMPILER_APPICON_NAME = AppIcon;
				ASSETCATALOG_COMPILER_GLOBAL_ACCENT_COLOR_NAME = AccentColor;
				CODE_SIGN_STYLE = Automatic;
				CURRENT_PROJECT_VERSION = 1;
				GENERATE_INFOPLIST_FILE = YES;
				INFOPLIST_FILE = "SnapchatClone-Firebase/Info.plist";
				INFOPLIST_KEY_UIApplicationSupportsIndirectInputEvents = YES;
				INFOPLIST_KEY_UILaunchStoryboardName = LaunchScreen;
				INFOPLIST_KEY_UIMainStoryboardFile = Main;
				INFOPLIST_KEY_UISupportedInterfaceOrientations_iPad = "UIInterfaceOrientationPortrait UIInterfaceOrientationPortraitUpsideDown UIInterfaceOrientationLandscapeLeft UIInterfaceOrientationLandscapeRight";
				INFOPLIST_KEY_UISupportedInterfaceOrientations_iPhone = "UIInterfaceOrientationPortrait UIInterfaceOrientationLandscapeLeft UIInterfaceOrientationLandscapeRight";
				IPHONEOS_DEPLOYMENT_TARGET = 16.0;
				LD_RUNPATH_SEARCH_PATHS = (
					"$(inherited)",
					"@executable_path/Frameworks",
				);
				MARKETING_VERSION = 1.0;
				PRODUCT_BUNDLE_IDENTIFIER = "com.hakanbaran.SnapchatClone-Firebase";
				PRODUCT_NAME = "$(TARGET_NAME)";
				SUPPORTED_PLATFORMS = "iphoneos iphonesimulator";
				SUPPORTS_MACCATALYST = NO;
				SUPPORTS_MAC_DESIGNED_FOR_IPHONE_IPAD = NO;
				SWIFT_EMIT_LOC_STRINGS = YES;
				SWIFT_VERSION = 5.0;
				TARGETED_DEVICE_FAMILY = "1,2";
			};
			name = Debug;
		};
		D4E84A1D2915A2F90079FBE7 /* Release */ = {
			isa = XCBuildConfiguration;
			baseConfigurationReference = 54B5F82209F3C89ADB87E2D9 /* Pods-SnapchatClone-Firebase.release.xcconfig */;
			buildSettings = {
				ASSETCATALOG_COMPILER_APPICON_NAME = AppIcon;
				ASSETCATALOG_COMPILER_GLOBAL_ACCENT_COLOR_NAME = AccentColor;
				CODE_SIGN_STYLE = Automatic;
				CURRENT_PROJECT_VERSION = 1;
				GENERATE_INFOPLIST_FILE = YES;
				INFOPLIST_FILE = "SnapchatClone-Firebase/Info.plist";
				INFOPLIST_KEY_UIApplicationSupportsIndirectInputEvents = YES;
				INFOPLIST_KEY_UILaunchStoryboardName = LaunchScreen;
				INFOPLIST_KEY_UIMainStoryboardFile = Main;
				INFOPLIST_KEY_UISupportedInterfaceOrientations_iPad = "UIInterfaceOrientationPortrait UIInterfaceOrientationPortraitUpsideDown UIInterfaceOrientationLandscapeLeft UIInterfaceOrientationLandscapeRight";
				INFOPLIST_KEY_UISupportedInterfaceOrientations_iPhone = "UIInterfaceOrientationPortrait UIInterfaceOrientationLandscapeLeft UIInterfaceOrientationLandscapeRight";
				IPHONEOS_DEPLOYMENT_TARGET = 16.0;
				LD_RUNPATH_SEARCH_PATHS = (
					"$(inherited)",
					"@executable_path/Frameworks",
				);
				MARKETING_VERSION = 1.0;
				PRODUCT_BUNDLE_IDENTIFIER = "com.hakanbaran.SnapchatClone-Firebase";
				PRODUCT_NAME = "$(TARGET_NAME)";
				SUPPORTED_PLATFORMS = "iphoneos iphonesimulator";
				SUPPORTS_MACCATALYST = NO;
				SUPPORTS_MAC_DESIGNED_FOR_IPHONE_IPAD = NO;
				SWIFT_EMIT_LOC_STRINGS = YES;
				SWIFT_VERSION = 5.0;
				TARGETED_DEVICE_FAMILY = "1,2";
			};
			name = Release;
		};
/* End XCBuildConfiguration section */

/* Begin XCConfigurationList section */
		D4E84A022915A2F90079FBE7 /* Build configuration list for PBXProject "SnapchatClone-Firebase" */ = {
			isa = XCConfigurationList;
			buildConfigurations = (
				D4E84A192915A2F90079FBE7 /* Debug */,
				D4E84A1A2915A2F90079FBE7 /* Release */,
			);
			defaultConfigurationIsVisible = 0;
			defaultConfigurationName = Release;
		};
		D4E84A1B2915A2F90079FBE7 /* Build configuration list for PBXNativeTarget "SnapchatClone-Firebase" */ = {
			isa = XCConfigurationList;
			buildConfigurations = (
				D4E84A1C2915A2F90079FBE7 /* Debug */,
				D4E84A1D2915A2F90079FBE7 /* Release */,
			);
			defaultConfigurationIsVisible = 0;
			defaultConfigurationName = Release;
		};
/* End XCConfigurationList section */
	};
	rootObject = D4E849FF2915A2F90079FBE7 /* Project object */;
}
